
Microsoft Visual Studio Solution File, Format Version 12.00
# Visual Studio Version 16
VisualStudioVersion = 16.0.31729.503
MinimumVisualStudioVersion = 10.0.40219.1
Project("{FAE04EC0-301F-11D3-BF4B-00C04F79EFBC}") = "TotvsChallengeApp.Api", "TotvsChallengeApp.Api\TotvsChallengeApp.Api.csproj", "{164CAA89-6D2A-410B-87B5-EEAAD621CCA4}"
EndProject
Project("{FAE04EC0-301F-11D3-BF4B-00C04F79EFBC}") = "TotvsChallengeApp.Core", "TotvsChallengeApp.Core\TotvsChallengeApp.Core.csproj", "{74F72357-0CE2-4681-A151-2BDCDA3D7579}"
EndProject
Project("{FAE04EC0-301F-11D3-BF4B-00C04F79EFBC}") = "TotvsChallengeApp.Application", "TotvsChallengeApp.Application\TotvsChallengeApp.Application.csproj", "{5110C18A-9085-4EB2-BC73-6D81F5BF9D41}"
EndProject
Project("{FAE04EC0-301F-11D3-BF4B-00C04F79EFBC}") = "TotvsChallengeApp.Infrastructure", "TotvsChallengeApp.Infrastructure\TotvsChallengeApp.Infrastructure.csproj", "{3AD36FFE-CA12-4EF0-8956-A94EB4E78547}"
EndProject
Global
	GlobalSection(SolutionConfigurationPlatforms) = preSolution
		Debug|Any CPU = Debug|Any CPU
		Release|Any CPU = Release|Any CPU
	EndGlobalSection
	GlobalSection(ProjectConfigurationPlatforms) = postSolution
		{164CAA89-6D2A-410B-87B5-EEAAD621CCA4}.Debug|Any CPU.ActiveCfg = Debug|Any CPU
		{164CAA89-6D2A-410B-87B5-EEAAD621CCA4}.Debug|Any CPU.Build.0 = Debug|Any CPU
		{164CAA89-6D2A-410B-87B5-EEAAD621CCA4}.Release|Any CPU.ActiveCfg = Release|Any CPU
		{164CAA89-6D2A-410B-87B5-EEAAD621CCA4}.Release|Any CPU.Build.0 = Release|Any CPU
		{74F72357-0CE2-4681-A151-2BDCDA3D7579}.Debug|Any CPU.ActiveCfg = Debug|Any CPU
		{74F72357-0CE2-4681-A151-2BDCDA3D7579}.Debug|Any CPU.Build.0 = Debug|Any CPU
		{74F72357-0CE2-4681-A151-2BDCDA3D7579}.Release|Any CPU.ActiveCfg = Release|Any CPU
		{74F72357-0CE2-4681-A151-2BDCDA3D7579}.Release|Any CPU.Build.0 = Release|Any CPU
		{5110C18A-9085-4EB2-BC73-6D81F5BF9D41}.Debug|Any CPU.ActiveCfg = Debug|Any CPU
		{5110C18A-9085-4EB2-BC73-6D81F5BF9D41}.Debug|Any CPU.Build.0 = Debug|Any CPU
		{5110C18A-9085-4EB2-BC73-6D81F5BF9D41}.Release|Any CPU.ActiveCfg = Release|Any CPU
		{5110C18A-9085-4EB2-BC73-6D81F5BF9D41}.Release|Any CPU.Build.0 = Release|Any CPU
		{3AD36FFE-CA12-4EF0-8956-A94EB4E78547}.Debug|Any CPU.ActiveCfg = Debug|Any CPU
		{3AD36FFE-CA12-4EF0-8956-A94EB4E78547}.Debug|Any CPU.Build.0 = Debug|Any CPU
		{3AD36FFE-CA12-4EF0-8956-A94EB4E78547}.Release|Any CPU.ActiveCfg = Release|Any CPU
		{3AD36FFE-CA12-4EF0-8956-A94EB4E78547}.Release|Any CPU.Build.0 = Release|Any CPU
	EndGlobalSection
	GlobalSection(SolutionProperties) = preSolution
		HideSolutionNode = FALSE
	EndGlobalSection
	GlobalSection(ExtensibilityGlobals) = postSolution
		SolutionGuid = {19678BAE-1854-47EB-9CD9-7E138908CA0A}
	EndGlobalSection
EndGlobal
